
Microsoft Visual Studio Solution File, Format Version 12.00
Project("{2150E333-8FDC-42A3-9474-1A3956D46DE8}") = "Src", "Src", "{4CDC44B1-FBE3-4B18-9ADA-F26ACE6CC2BB}"
EndProject
Project("{2150E333-8FDC-42A3-9474-1A3956D46DE8}") = "Tests", "Tests", "{7F57872F-3339-48A2-A087-C71572764650}"
EndProject
Project("{FAE04EC0-301F-11D3-BF4B-00C04F79EFBC}") = "OpenBookLibrary.WebApi", "src\OpenBookLibrary.WebApi\OpenBookLibrary.WebApi.csproj", "{D888738E-F038-4FED-8EE8-39F77DFA668E}"
EndProject
Global
	GlobalSection(SolutionConfigurationPlatforms) = preSolution
		Debug|Any CPU = Debug|Any CPU
		Release|Any CPU = Release|Any CPU
	EndGlobalSection
	GlobalSection(NestedProjects) = preSolution
		{D888738E-F038-4FED-8EE8-39F77DFA668E} = {4CDC44B1-FBE3-4B18-9ADA-F26ACE6CC2BB}
	EndGlobalSection
	GlobalSection(ProjectConfigurationPlatforms) = postSolution
		{D888738E-F038-4FED-8EE8-39F77DFA668E}.Debug|Any CPU.ActiveCfg = Debug|Any CPU
		{D888738E-F038-4FED-8EE8-39F77DFA668E}.Debug|Any CPU.Build.0 = Debug|Any CPU
		{D888738E-F038-4FED-8EE8-39F77DFA668E}.Release|Any CPU.ActiveCfg = Release|Any CPU
		{D888738E-F038-4FED-8EE8-39F77DFA668E}.Release|Any CPU.Build.0 = Release|Any CPU
	EndGlobalSection
EndGlobal
