
Microsoft Visual Studio Solution File, Format Version 12.00
Project("{2150E333-8FDC-42A3-9474-1A3956D46DE8}") = "Src", "Src", "{4CDC44B1-FBE3-4B18-9ADA-F26ACE6CC2BB}"
EndProject
Project("{2150E333-8FDC-42A3-9474-1A3956D46DE8}") = "Tests", "Tests", "{7F57872F-3339-48A2-A087-C71572764650}"
EndProject
Project("{FAE04EC0-301F-11D3-BF4B-00C04F79EFBC}") = "OpenBookLibrary.Domain", "src\OpenBookLibrary.Domain\OpenBookLibrary.Domain.csproj", "{B9368988-BBCC-4236-9887-907FD3F651B7}"
EndProject
Project("{FAE04EC0-301F-11D3-BF4B-00C04F79EFBC}") = "OpenBookLibrary.Domain.UnitTests", "tests\OpenBookLibrary.Domain.UnitTests\OpenBookLibrary.Domain.UnitTests.csproj", "{272E5E1F-E60C-4001-86FF-ECE40CD2A951}"
EndProject
Global
	GlobalSection(SolutionConfigurationPlatforms) = preSolution
		Debug|Any CPU = Debug|Any CPU
		Release|Any CPU = Release|Any CPU
	EndGlobalSection
	GlobalSection(NestedProjects) = preSolution
		{B9368988-BBCC-4236-9887-907FD3F651B7} = {4CDC44B1-FBE3-4B18-9ADA-F26ACE6CC2BB}
		{272E5E1F-E60C-4001-86FF-ECE40CD2A951} = {7F57872F-3339-48A2-A087-C71572764650}
	EndGlobalSection
	GlobalSection(ProjectConfigurationPlatforms) = postSolution
		{B9368988-BBCC-4236-9887-907FD3F651B7}.Debug|Any CPU.ActiveCfg = Debug|Any CPU
		{B9368988-BBCC-4236-9887-907FD3F651B7}.Debug|Any CPU.Build.0 = Debug|Any CPU
		{B9368988-BBCC-4236-9887-907FD3F651B7}.Release|Any CPU.ActiveCfg = Release|Any CPU
		{B9368988-BBCC-4236-9887-907FD3F651B7}.Release|Any CPU.Build.0 = Release|Any CPU
		{272E5E1F-E60C-4001-86FF-ECE40CD2A951}.Debug|Any CPU.ActiveCfg = Debug|Any CPU
		{272E5E1F-E60C-4001-86FF-ECE40CD2A951}.Debug|Any CPU.Build.0 = Debug|Any CPU
		{272E5E1F-E60C-4001-86FF-ECE40CD2A951}.Release|Any CPU.ActiveCfg = Release|Any CPU
		{272E5E1F-E60C-4001-86FF-ECE40CD2A951}.Release|Any CPU.Build.0 = Release|Any CPU
	EndGlobalSection
EndGlobal
